// !$*UTF8*$!
{
	archiveVersion = 1;
	classes = {
	};
	objectVersion = 50;
	objects = {

/* Begin PBXBuildFile section */
		A80AA810268860050040F856 /* GWeatherView.swift in Sources */ = {isa = PBXBuildFile; fileRef = A80AA80F268860050040F856 /* GWeatherView.swift */; };
		A80AA812268860330040F856 /* GCardView.swift in Sources */ = {isa = PBXBuildFile; fileRef = A80AA811268860330040F856 /* GCardView.swift */; };
		A813D9FB26C0182F00CCE326 /* MSCardView.swift in Sources */ = {isa = PBXBuildFile; fileRef = A813D9FA26C0182F00CCE326 /* MSCardView.swift */; };
		A813D9FE26C0204200CCE326 /* MSViewModel.swift in Sources */ = {isa = PBXBuildFile; fileRef = A813D9FD26C0204200CCE326 /* MSViewModel.swift */; };
		A813DA0026C0282D00CCE326 /* MSBottomSheetView.swift in Sources */ = {isa = PBXBuildFile; fileRef = A813D9FF26C0282D00CCE326 /* MSBottomSheetView.swift */; };
		A813DA0226C056D300CCE326 /* MSCartView.swift in Sources */ = {isa = PBXBuildFile; fileRef = A813DA0126C056D300CCE326 /* MSCartView.swift */; };
		A83515EC266B70BF00532984 /* VideoControllerView.swift in Sources */ = {isa = PBXBuildFile; fileRef = A83515EB266B70BF00532984 /* VideoControllerView.swift */; };
		A83515EF266B72CA00532984 /* VideoPlayerView.swift in Sources */ = {isa = PBXBuildFile; fileRef = A83515EE266B72CA00532984 /* VideoPlayerView.swift */; };
		A83515F2266B73D700532984 /* Movie.swift in Sources */ = {isa = PBXBuildFile; fileRef = A83515F1266B73D700532984 /* Movie.swift */; };
		A83515F6266B89A300532984 /* PVVideoView.swift in Sources */ = {isa = PBXBuildFile; fileRef = A83515F5266B89A300532984 /* PVVideoView.swift */; };
		A83515F8266B973900532984 /* NFTopBarView.swift in Sources */ = {isa = PBXBuildFile; fileRef = A83515F7266B973900532984 /* NFTopBarView.swift */; };
		A83515FA266B9CD900532984 /* NFQuickActionView.swift in Sources */ = {isa = PBXBuildFile; fileRef = A83515F9266B9CD900532984 /* NFQuickActionView.swift */; };
		A83515FC266BA5A400532984 /* NFTopHomeView.swift in Sources */ = {isa = PBXBuildFile; fileRef = A83515FB266BA5A400532984 /* NFTopHomeView.swift */; };
		A83515FE266BA9EF00532984 /* NFPreviewsView.swift in Sources */ = {isa = PBXBuildFile; fileRef = A83515FD266BA9EF00532984 /* NFPreviewsView.swift */; };
		A8351600266BACC000532984 /* friends_trailer.mp4 in Resources */ = {isa = PBXBuildFile; fileRef = A83515FF266BACC000532984 /* friends_trailer.mp4 */; };
		A8351603266BB3A400532984 /* NFViewModel.swift in Sources */ = {isa = PBXBuildFile; fileRef = A8351602266BB3A400532984 /* NFViewModel.swift */; };
		A8351605266BB89C00532984 /* breakingbad.mp4 in Resources */ = {isa = PBXBuildFile; fileRef = A8351604266BB89C00532984 /* breakingbad.mp4 */; };
		A8351609266BBBA300532984 /* dark.mp4 in Resources */ = {isa = PBXBuildFile; fileRef = A8351608266BBBA300532984 /* dark.mp4 */; };
		A835160B266BBC6500532984 /* 13reasonswhy.mp4 in Resources */ = {isa = PBXBuildFile; fileRef = A835160A266BBC6500532984 /* 13reasonswhy.mp4 */; };
		A835160D266BBDD500532984 /* strangerthings.mp4 in Resources */ = {isa = PBXBuildFile; fileRef = A835160C266BBDD500532984 /* strangerthings.mp4 */; };
		A835160F266BBF2400532984 /* NFRectScrollView.swift in Sources */ = {isa = PBXBuildFile; fileRef = A835160E266BBF2400532984 /* NFRectScrollView.swift */; };
		A851B8B5268EFE0B003E06E9 /* IRModel.swift in Sources */ = {isa = PBXBuildFile; fileRef = A851B8B4268EFE0B003E06E9 /* IRModel.swift */; };
		A851B8BA268F2EE1003E06E9 /* ig3.mp4 in Resources */ = {isa = PBXBuildFile; fileRef = A851B8B7268F2EE0003E06E9 /* ig3.mp4 */; };
		A851B8BB268F2EE1003E06E9 /* ig1.mp4 in Resources */ = {isa = PBXBuildFile; fileRef = A851B8B8268F2EE0003E06E9 /* ig1.mp4 */; };
		A851B8BC268F2EE1003E06E9 /* ig2.mp4 in Resources */ = {isa = PBXBuildFile; fileRef = A851B8B9268F2EE1003E06E9 /* ig2.mp4 */; };
		A851B8BF268F3065003E06E9 /* IGReelsView.swift in Sources */ = {isa = PBXBuildFile; fileRef = A851B8BE268F3065003E06E9 /* IGReelsView.swift */; };
		A851B8C2268F452B003E06E9 /* IGViewModel.swift in Sources */ = {isa = PBXBuildFile; fileRef = A851B8C1268F452B003E06E9 /* IGViewModel.swift */; };
		A8586F672669077A005D3537 /* KMOnboardingView.swift in Sources */ = {isa = PBXBuildFile; fileRef = A8586F662669077A005D3537 /* KMOnboardingView.swift */; };
		A8586F6A26691427005D3537 /* MoneyHeist.mp4 in Resources */ = {isa = PBXBuildFile; fileRef = A8586F6926691421005D3537 /* MoneyHeist.mp4 */; };
		A8656B5026A2997F00A7B57C /* ADView.swift in Sources */ = {isa = PBXBuildFile; fileRef = A8656B4F26A2997F00A7B57C /* ADView.swift */; };
		A8656B5426A2C2B800A7B57C /* SPlayerView.swift in Sources */ = {isa = PBXBuildFile; fileRef = A8656B5326A2C2B800A7B57C /* SPlayerView.swift */; };
		A865B7D62668A35300F39AC0 /* NFHomeView.swift in Sources */ = {isa = PBXBuildFile; fileRef = A865B7D52668A35300F39AC0 /* NFHomeView.swift */; };
		A87198BF25DA546800ED4DD7 /* UI_ChallengeApp.swift in Sources */ = {isa = PBXBuildFile; fileRef = A87198BE25DA546800ED4DD7 /* UI_ChallengeApp.swift */; };
		A87198C125DA546800ED4DD7 /* ContentView.swift in Sources */ = {isa = PBXBuildFile; fileRef = A87198C025DA546800ED4DD7 /* ContentView.swift */; };
		A87198C325DA546A00ED4DD7 /* Assets.xcassets in Resources */ = {isa = PBXBuildFile; fileRef = A87198C225DA546A00ED4DD7 /* Assets.xcassets */; };
		A87198C625DA546A00ED4DD7 /* Preview Assets.xcassets in Resources */ = {isa = PBXBuildFile; fileRef = A87198C525DA546A00ED4DD7 /* Preview Assets.xcassets */; };
		A87198D025DA558E00ED4DD7 /* UIListView.swift in Sources */ = {isa = PBXBuildFile; fileRef = A87198CF25DA558E00ED4DD7 /* UIListView.swift */; };
		A87198D425DA820D00ED4DD7 /* UIScrollView.swift in Sources */ = {isa = PBXBuildFile; fileRef = A87198D325DA820D00ED4DD7 /* UIScrollView.swift */; };
		A877523126C1596100594C71 /* MSPromoCodeView.swift in Sources */ = {isa = PBXBuildFile; fileRef = A877523026C1596100594C71 /* MSPromoCodeView.swift */; };
		A877523326C1614200594C71 /* MSClearCartView.swift in Sources */ = {isa = PBXBuildFile; fileRef = A877523226C1614200594C71 /* MSClearCartView.swift */; };
		A88219EF268DFD1700713EBE /* ABExploreView.swift in Sources */ = {isa = PBXBuildFile; fileRef = A88219EE268DFD1700713EBE /* ABExploreView.swift */; };
		A888E10E26C00C68005E0741 /* Milkshake.swift in Sources */ = {isa = PBXBuildFile; fileRef = A888E10D26C00C68005E0741 /* Milkshake.swift */; };
		A888E11026C00EE4005E0741 /* MSListView.swift in Sources */ = {isa = PBXBuildFile; fileRef = A888E10F26C00EE4005E0741 /* MSListView.swift */; };
		A888E11226C01505005E0741 /* MSToolBarView.swift in Sources */ = {isa = PBXBuildFile; fileRef = A888E11126C01505005E0741 /* MSToolBarView.swift */; };
		A8C5A62C26AC4E2200F338C3 /* ECDiscoverView.swift in Sources */ = {isa = PBXBuildFile; fileRef = A8C5A62B26AC4E2200F338C3 /* ECDiscoverView.swift */; };
		A8D56E0E26A497C300C4E74F /* ABImageView.swift in Sources */ = {isa = PBXBuildFile; fileRef = A8D56E0D26A497C300C4E74F /* ABImageView.swift */; };
		A8D56E1026A4984B00C4E74F /* ABFlexibleButtonView.swift in Sources */ = {isa = PBXBuildFile; fileRef = A8D56E0F26A4984B00C4E74F /* ABFlexibleButtonView.swift */; };
		A8D56E1326A49ECC00C4E74F /* City.swift in Sources */ = {isa = PBXBuildFile; fileRef = A8D56E1226A49ECC00C4E74F /* City.swift */; };
		A8D56E1526A4B55600C4E74F /* ABExploreNearView.swift in Sources */ = {isa = PBXBuildFile; fileRef = A8D56E1426A4B55600C4E74F /* ABExploreNearView.swift */; };
		A8D56E1726A4B57500C4E74F /* ABCityView.swift in Sources */ = {isa = PBXBuildFile; fileRef = A8D56E1626A4B57500C4E74F /* ABCityView.swift */; };
		A8D56E1A26A4B5DD00C4E74F /* ABHeadingView.swift in Sources */ = {isa = PBXBuildFile; fileRef = A8D56E1926A4B5DD00C4E74F /* ABHeadingView.swift */; };
		A8D56E1C26A4B64F00C4E74F /* ABCovidView.swift in Sources */ = {isa = PBXBuildFile; fileRef = A8D56E1B26A4B64F00C4E74F /* ABCovidView.swift */; };
		A8D56E1E26A4B6B300C4E74F /* ABSearchView.swift in Sources */ = {isa = PBXBuildFile; fileRef = A8D56E1D26A4B6B300C4E74F /* ABSearchView.swift */; };
		A8D56E2026A4B7A100C4E74F /* Live.swift in Sources */ = {isa = PBXBuildFile; fileRef = A8D56E1F26A4B7A100C4E74F /* Live.swift */; };
		A8D56E2226A4B99500C4E74F /* ABLiveAnyView.swift in Sources */ = {isa = PBXBuildFile; fileRef = A8D56E2126A4B99500C4E74F /* ABLiveAnyView.swift */; };
		A8D56E2426A4C4F800C4E74F /* ABGreatOutView.swift in Sources */ = {isa = PBXBuildFile; fileRef = A8D56E2326A4C4F800C4E74F /* ABGreatOutView.swift */; };
		A8D5D49926A54F72009744A4 /* Discover.swift in Sources */ = {isa = PBXBuildFile; fileRef = A8D5D49826A54F72009744A4 /* Discover.swift */; };
		A8D5D49B26A55295009744A4 /* ABDiscoverView.swift in Sources */ = {isa = PBXBuildFile; fileRef = A8D5D49A26A55295009744A4 /* ABDiscoverView.swift */; };
		A8D5D49D26A58D69009744A4 /* ABView.swift in Sources */ = {isa = PBXBuildFile; fileRef = A8D5D49C26A58D69009744A4 /* ABView.swift */; };
		A8D9F62A25E0AF91001B81CD /* InProgressView.swift in Sources */ = {isa = PBXBuildFile; fileRef = A8D9F62925E0AF91001B81CD /* InProgressView.swift */; };
		A8D9F62E25E0C350001B81CD /* ViewModifierUtil.swift in Sources */ = {isa = PBXBuildFile; fileRef = A8D9F62D25E0C350001B81CD /* ViewModifierUtil.swift */; };
		A8E3DAB42688485F0083CFDA /* GHomeView.swift in Sources */ = {isa = PBXBuildFile; fileRef = A8E3DAB32688485F0083CFDA /* GHomeView.swift */; };
		A8EF49D725F343EA00532E1C /* UICProgressView.swift in Sources */ = {isa = PBXBuildFile; fileRef = A8EF49D625F343EA00532E1C /* UICProgressView.swift */; };
/* End PBXBuildFile section */

/* Begin PBXFileReference section */
		A80AA80F268860050040F856 /* GWeatherView.swift */ = {isa = PBXFileReference; lastKnownFileType = sourcecode.swift; path = GWeatherView.swift; sourceTree = "<group>"; };
		A80AA811268860330040F856 /* GCardView.swift */ = {isa = PBXFileReference; lastKnownFileType = sourcecode.swift; path = GCardView.swift; sourceTree = "<group>"; };
		A813D9FA26C0182F00CCE326 /* MSCardView.swift */ = {isa = PBXFileReference; lastKnownFileType = sourcecode.swift; path = MSCardView.swift; sourceTree = "<group>"; };
		A813D9FD26C0204200CCE326 /* MSViewModel.swift */ = {isa = PBXFileReference; lastKnownFileType = sourcecode.swift; path = MSViewModel.swift; sourceTree = "<group>"; };
		A813D9FF26C0282D00CCE326 /* MSBottomSheetView.swift */ = {isa = PBXFileReference; lastKnownFileType = sourcecode.swift; path = MSBottomSheetView.swift; sourceTree = "<group>"; };
		A813DA0126C056D300CCE326 /* MSCartView.swift */ = {isa = PBXFileReference; lastKnownFileType = sourcecode.swift; path = MSCartView.swift; sourceTree = "<group>"; };
		A83515EB266B70BF00532984 /* VideoControllerView.swift */ = {isa = PBXFileReference; lastKnownFileType = sourcecode.swift; path = VideoControllerView.swift; sourceTree = "<group>"; };
		A83515EE266B72CA00532984 /* VideoPlayerView.swift */ = {isa = PBXFileReference; lastKnownFileType = sourcecode.swift; path = VideoPlayerView.swift; sourceTree = "<group>"; };
		A83515F1266B73D700532984 /* Movie.swift */ = {isa = PBXFileReference; lastKnownFileType = sourcecode.swift; path = Movie.swift; sourceTree = "<group>"; };
		A83515F5266B89A300532984 /* PVVideoView.swift */ = {isa = PBXFileReference; lastKnownFileType = sourcecode.swift; path = PVVideoView.swift; sourceTree = "<group>"; };
		A83515F7266B973900532984 /* NFTopBarView.swift */ = {isa = PBXFileReference; lastKnownFileType = sourcecode.swift; path = NFTopBarView.swift; sourceTree = "<group>"; };
		A83515F9266B9CD900532984 /* NFQuickActionView.swift */ = {isa = PBXFileReference; lastKnownFileType = sourcecode.swift; path = NFQuickActionView.swift; sourceTree = "<group>"; };
		A83515FB266BA5A400532984 /* NFTopHomeView.swift */ = {isa = PBXFileReference; lastKnownFileType = sourcecode.swift; path = NFTopHomeView.swift; sourceTree = "<group>"; };
		A83515FD266BA9EF00532984 /* NFPreviewsView.swift */ = {isa = PBXFileReference; lastKnownFileType = sourcecode.swift; path = NFPreviewsView.swift; sourceTree = "<group>"; };
		A83515FF266BACC000532984 /* friends_trailer.mp4 */ = {isa = PBXFileReference; lastKnownFileType = file; path = friends_trailer.mp4; sourceTree = "<group>"; };
		A8351602266BB3A400532984 /* NFViewModel.swift */ = {isa = PBXFileReference; lastKnownFileType = sourcecode.swift; path = NFViewModel.swift; sourceTree = "<group>"; };
		A8351604266BB89C00532984 /* breakingbad.mp4 */ = {isa = PBXFileReference; lastKnownFileType = file; path = breakingbad.mp4; sourceTree = "<group>"; };
		A8351608266BBBA300532984 /* dark.mp4 */ = {isa = PBXFileReference; lastKnownFileType = file; path = dark.mp4; sourceTree = "<group>"; };
		A835160A266BBC6500532984 /* 13reasonswhy.mp4 */ = {isa = PBXFileReference; lastKnownFileType = file; path = 13reasonswhy.mp4; sourceTree = "<group>"; };
		A835160C266BBDD500532984 /* strangerthings.mp4 */ = {isa = PBXFileReference; lastKnownFileType = file; path = strangerthings.mp4; sourceTree = "<group>"; };
		A835160E266BBF2400532984 /* NFRectScrollView.swift */ = {isa = PBXFileReference; lastKnownFileType = sourcecode.swift; path = NFRectScrollView.swift; sourceTree = "<group>"; };
		A851B8B4268EFE0B003E06E9 /* IRModel.swift */ = {isa = PBXFileReference; lastKnownFileType = sourcecode.swift; path = IRModel.swift; sourceTree = "<group>"; };
		A851B8B7268F2EE0003E06E9 /* ig3.mp4 */ = {isa = PBXFileReference; lastKnownFileType = file; path = ig3.mp4; sourceTree = "<group>"; };
		A851B8B8268F2EE0003E06E9 /* ig1.mp4 */ = {isa = PBXFileReference; lastKnownFileType = file; path = ig1.mp4; sourceTree = "<group>"; };
		A851B8B9268F2EE1003E06E9 /* ig2.mp4 */ = {isa = PBXFileReference; lastKnownFileType = file; path = ig2.mp4; sourceTree = "<group>"; };
		A851B8BE268F3065003E06E9 /* IGReelsView.swift */ = {isa = PBXFileReference; lastKnownFileType = sourcecode.swift; path = IGReelsView.swift; sourceTree = "<group>"; };
		A851B8C1268F452B003E06E9 /* IGViewModel.swift */ = {isa = PBXFileReference; lastKnownFileType = sourcecode.swift; path = IGViewModel.swift; sourceTree = "<group>"; };
		A8586F662669077A005D3537 /* KMOnboardingView.swift */ = {isa = PBXFileReference; lastKnownFileType = sourcecode.swift; path = KMOnboardingView.swift; sourceTree = "<group>"; };
		A8586F6926691421005D3537 /* MoneyHeist.mp4 */ = {isa = PBXFileReference; lastKnownFileType = file; path = MoneyHeist.mp4; sourceTree = "<group>"; };
		A8656B4F26A2997F00A7B57C /* ADView.swift */ = {isa = PBXFileReference; lastKnownFileType = sourcecode.swift; path = ADView.swift; sourceTree = "<group>"; };
		A8656B5326A2C2B800A7B57C /* SPlayerView.swift */ = {isa = PBXFileReference; lastKnownFileType = sourcecode.swift; path = SPlayerView.swift; sourceTree = "<group>"; };
		A865B7D52668A35300F39AC0 /* NFHomeView.swift */ = {isa = PBXFileReference; lastKnownFileType = sourcecode.swift; path = NFHomeView.swift; sourceTree = "<group>"; };
		A87198BB25DA546800ED4DD7 /* UI Challenge.app */ = {isa = PBXFileReference; explicitFileType = wrapper.application; includeInIndex = 0; path = "UI Challenge.app"; sourceTree = BUILT_PRODUCTS_DIR; };
		A87198BE25DA546800ED4DD7 /* UI_ChallengeApp.swift */ = {isa = PBXFileReference; lastKnownFileType = sourcecode.swift; path = UI_ChallengeApp.swift; sourceTree = "<group>"; };
		A87198C025DA546800ED4DD7 /* ContentView.swift */ = {isa = PBXFileReference; lastKnownFileType = sourcecode.swift; path = ContentView.swift; sourceTree = "<group>"; };
		A87198C225DA546A00ED4DD7 /* Assets.xcassets */ = {isa = PBXFileReference; lastKnownFileType = folder.assetcatalog; path = Assets.xcassets; sourceTree = "<group>"; };
		A87198C525DA546A00ED4DD7 /* Preview Assets.xcassets */ = {isa = PBXFileReference; lastKnownFileType = folder.assetcatalog; path = "Preview Assets.xcassets"; sourceTree = "<group>"; };
		A87198C725DA546A00ED4DD7 /* Info.plist */ = {isa = PBXFileReference; lastKnownFileType = text.plist.xml; path = Info.plist; sourceTree = "<group>"; };
		A87198CF25DA558E00ED4DD7 /* UIListView.swift */ = {isa = PBXFileReference; lastKnownFileType = sourcecode.swift; path = UIListView.swift; sourceTree = "<group>"; };
		A87198D325DA820D00ED4DD7 /* UIScrollView.swift */ = {isa = PBXFileReference; lastKnownFileType = sourcecode.swift; path = UIScrollView.swift; sourceTree = "<group>"; };
		A877523026C1596100594C71 /* MSPromoCodeView.swift */ = {isa = PBXFileReference; lastKnownFileType = sourcecode.swift; path = MSPromoCodeView.swift; sourceTree = "<group>"; };
		A877523226C1614200594C71 /* MSClearCartView.swift */ = {isa = PBXFileReference; lastKnownFileType = sourcecode.swift; path = MSClearCartView.swift; sourceTree = "<group>"; };
		A88219EE268DFD1700713EBE /* ABExploreView.swift */ = {isa = PBXFileReference; lastKnownFileType = sourcecode.swift; path = ABExploreView.swift; sourceTree = "<group>"; };
		A888E10D26C00C68005E0741 /* Milkshake.swift */ = {isa = PBXFileReference; lastKnownFileType = sourcecode.swift; path = Milkshake.swift; sourceTree = "<group>"; };
		A888E10F26C00EE4005E0741 /* MSListView.swift */ = {isa = PBXFileReference; lastKnownFileType = sourcecode.swift; path = MSListView.swift; sourceTree = "<group>"; };
		A888E11126C01505005E0741 /* MSToolBarView.swift */ = {isa = PBXFileReference; lastKnownFileType = sourcecode.swift; path = MSToolBarView.swift; sourceTree = "<group>"; };
		A8C5A62B26AC4E2200F338C3 /* ECDiscoverView.swift */ = {isa = PBXFileReference; lastKnownFileType = sourcecode.swift; path = ECDiscoverView.swift; sourceTree = "<group>"; };
		A8D56E0D26A497C300C4E74F /* ABImageView.swift */ = {isa = PBXFileReference; lastKnownFileType = sourcecode.swift; path = ABImageView.swift; sourceTree = "<group>"; };
		A8D56E0F26A4984B00C4E74F /* ABFlexibleButtonView.swift */ = {isa = PBXFileReference; lastKnownFileType = sourcecode.swift; path = ABFlexibleButtonView.swift; sourceTree = "<group>"; };
		A8D56E1226A49ECC00C4E74F /* City.swift */ = {isa = PBXFileReference; lastKnownFileType = sourcecode.swift; path = City.swift; sourceTree = "<group>"; };
		A8D56E1426A4B55600C4E74F /* ABExploreNearView.swift */ = {isa = PBXFileReference; lastKnownFileType = sourcecode.swift; path = ABExploreNearView.swift; sourceTree = "<group>"; };
		A8D56E1626A4B57500C4E74F /* ABCityView.swift */ = {isa = PBXFileReference; lastKnownFileType = sourcecode.swift; path = ABCityView.swift; sourceTree = "<group>"; };
		A8D56E1926A4B5DD00C4E74F /* ABHeadingView.swift */ = {isa = PBXFileReference; lastKnownFileType = sourcecode.swift; path = ABHeadingView.swift; sourceTree = "<group>"; };
		A8D56E1B26A4B64F00C4E74F /* ABCovidView.swift */ = {isa = PBXFileReference; lastKnownFileType = sourcecode.swift; path = ABCovidView.swift; sourceTree = "<group>"; };
		A8D56E1D26A4B6B300C4E74F /* ABSearchView.swift */ = {isa = PBXFileReference; lastKnownFileType = sourcecode.swift; path = ABSearchView.swift; sourceTree = "<group>"; };
		A8D56E1F26A4B7A100C4E74F /* Live.swift */ = {isa = PBXFileReference; lastKnownFileType = sourcecode.swift; path = Live.swift; sourceTree = "<group>"; };
		A8D56E2126A4B99500C4E74F /* ABLiveAnyView.swift */ = {isa = PBXFileReference; lastKnownFileType = sourcecode.swift; path = ABLiveAnyView.swift; sourceTree = "<group>"; };
		A8D56E2326A4C4F800C4E74F /* ABGreatOutView.swift */ = {isa = PBXFileReference; lastKnownFileType = sourcecode.swift; path = ABGreatOutView.swift; sourceTree = "<group>"; };
		A8D5D49826A54F72009744A4 /* Discover.swift */ = {isa = PBXFileReference; lastKnownFileType = sourcecode.swift; path = Discover.swift; sourceTree = "<group>"; };
		A8D5D49A26A55295009744A4 /* ABDiscoverView.swift */ = {isa = PBXFileReference; lastKnownFileType = sourcecode.swift; path = ABDiscoverView.swift; sourceTree = "<group>"; };
		A8D5D49C26A58D69009744A4 /* ABView.swift */ = {isa = PBXFileReference; lastKnownFileType = sourcecode.swift; path = ABView.swift; sourceTree = "<group>"; };
		A8D9F62925E0AF91001B81CD /* InProgressView.swift */ = {isa = PBXFileReference; lastKnownFileType = sourcecode.swift; path = InProgressView.swift; sourceTree = "<group>"; };
		A8D9F62D25E0C350001B81CD /* ViewModifierUtil.swift */ = {isa = PBXFileReference; lastKnownFileType = sourcecode.swift; path = ViewModifierUtil.swift; sourceTree = "<group>"; };
		A8E3DAB32688485F0083CFDA /* GHomeView.swift */ = {isa = PBXFileReference; lastKnownFileType = sourcecode.swift; path = GHomeView.swift; sourceTree = "<group>"; };
		A8EF49D625F343EA00532E1C /* UICProgressView.swift */ = {isa = PBXFileReference; lastKnownFileType = sourcecode.swift; path = UICProgressView.swift; sourceTree = "<group>"; };
/* End PBXFileReference section */

/* Begin PBXFrameworksBuildPhase section */
		A87198B825DA546800ED4DD7 /* Frameworks */ = {
			isa = PBXFrameworksBuildPhase;
			buildActionMask = 2147483647;
			files = (
			);
			runOnlyForDeploymentPostprocessing = 0;
		};
/* End PBXFrameworksBuildPhase section */

/* Begin PBXGroup section */
		A813D9FC26C0202800CCE326 /* ViewModel */ = {
			isa = PBXGroup;
			children = (
				A813D9FD26C0204200CCE326 /* MSViewModel.swift */,
			);
			path = ViewModel;
			sourceTree = "<group>";
		};
		A83515EA266B70A300532984 /* ViewRepresentables */ = {
			isa = PBXGroup;
			children = (
				A83515EB266B70BF00532984 /* VideoControllerView.swift */,
			);
			path = ViewRepresentables;
			sourceTree = "<group>";
		};
		A83515ED266B72BB00532984 /* View */ = {
			isa = PBXGroup;
			children = (
				A865B7D52668A35300F39AC0 /* NFHomeView.swift */,
				A83515EE266B72CA00532984 /* VideoPlayerView.swift */,
				A83515F7266B973900532984 /* NFTopBarView.swift */,
				A83515F9266B9CD900532984 /* NFQuickActionView.swift */,
				A83515FB266BA5A400532984 /* NFTopHomeView.swift */,
				A83515FD266BA9EF00532984 /* NFPreviewsView.swift */,
				A835160E266BBF2400532984 /* NFRectScrollView.swift */,
			);
			path = View;
			sourceTree = "<group>";
		};
		A83515F0266B73CB00532984 /* Model */ = {
			isa = PBXGroup;
			children = (
				A83515F1266B73D700532984 /* Movie.swift */,
			);
			path = Model;
			sourceTree = "<group>";
		};
		A83515F3266B897800532984 /* PrimeVideo */ = {
			isa = PBXGroup;
			children = (
				A83515F4266B898A00532984 /* View */,
			);
			path = PrimeVideo;
			sourceTree = "<group>";
		};
		A83515F4266B898A00532984 /* View */ = {
			isa = PBXGroup;
			children = (
				A83515F5266B89A300532984 /* PVVideoView.swift */,
			);
			path = View;
			sourceTree = "<group>";
		};
		A8351601266BB39500532984 /* ViewModel */ = {
			isa = PBXGroup;
			children = (
				A8351602266BB3A400532984 /* NFViewModel.swift */,
			);
			path = ViewModel;
			sourceTree = "<group>";
		};
		A851B8B2268EFDE5003E06E9 /* InstaReels */ = {
			isa = PBXGroup;
			children = (
				A851B8C0268F451E003E06E9 /* ViewModel */,
				A851B8BD268F3057003E06E9 /* View */,
				A851B8B6268F2E89003E06E9 /* videos */,
				A851B8B3268EFDF9003E06E9 /* Model */,
			);
			path = InstaReels;
			sourceTree = "<group>";
		};
		A851B8B3268EFDF9003E06E9 /* Model */ = {
			isa = PBXGroup;
			children = (
				A851B8B4268EFE0B003E06E9 /* IRModel.swift */,
			);
			path = Model;
			sourceTree = "<group>";
		};
		A851B8B6268F2E89003E06E9 /* videos */ = {
			isa = PBXGroup;
			children = (
				A851B8B8268F2EE0003E06E9 /* ig1.mp4 */,
				A851B8B9268F2EE1003E06E9 /* ig2.mp4 */,
				A851B8B7268F2EE0003E06E9 /* ig3.mp4 */,
			);
			path = videos;
			sourceTree = "<group>";
		};
		A851B8BD268F3057003E06E9 /* View */ = {
			isa = PBXGroup;
			children = (
				A851B8BE268F3065003E06E9 /* IGReelsView.swift */,
			);
			path = View;
			sourceTree = "<group>";
		};
		A851B8C0268F451E003E06E9 /* ViewModel */ = {
			isa = PBXGroup;
			children = (
				A851B8C1268F452B003E06E9 /* IGViewModel.swift */,
			);
			path = ViewModel;
			sourceTree = "<group>";
		};
		A8586F6526690736005D3537 /* Kapuha Music */ = {
			isa = PBXGroup;
			children = (
				A8586F662669077A005D3537 /* KMOnboardingView.swift */,
			);
			path = "Kapuha Music";
			sourceTree = "<group>";
		};
		A8586F6826691412005D3537 /* Videos */ = {
			isa = PBXGroup;
			children = (
				A835160C266BBDD500532984 /* strangerthings.mp4 */,
				A835160A266BBC6500532984 /* 13reasonswhy.mp4 */,
				A8351608266BBBA300532984 /* dark.mp4 */,
				A8586F6926691421005D3537 /* MoneyHeist.mp4 */,
				A83515FF266BACC000532984 /* friends_trailer.mp4 */,
				A8351604266BB89C00532984 /* breakingbad.mp4 */,
			);
			path = Videos;
			sourceTree = "<group>";
		};
		A8656B4D26A2996300A7B57C /* AnimatableData */ = {
			isa = PBXGroup;
			children = (
				A8656B4E26A2997300A7B57C /* View */,
			);
			path = AnimatableData;
			sourceTree = "<group>";
		};
		A8656B4E26A2997300A7B57C /* View */ = {
			isa = PBXGroup;
			children = (
				A8656B4F26A2997F00A7B57C /* ADView.swift */,
			);
			path = View;
			sourceTree = "<group>";
		};
		A8656B5126A2C29000A7B57C /* Spotify */ = {
			isa = PBXGroup;
			children = (
				A8656B5226A2C2AC00A7B57C /* View */,
			);
			path = Spotify;
			sourceTree = "<group>";
		};
		A8656B5226A2C2AC00A7B57C /* View */ = {
			isa = PBXGroup;
			children = (
				A8656B5326A2C2B800A7B57C /* SPlayerView.swift */,
			);
			path = View;
			sourceTree = "<group>";
		};
		A865B7D42668A33A00F39AC0 /* NetflixClone */ = {
			isa = PBXGroup;
			children = (
				A8351601266BB39500532984 /* ViewModel */,
				A83515F0266B73CB00532984 /* Model */,
				A83515ED266B72BB00532984 /* View */,
				A83515EA266B70A300532984 /* ViewRepresentables */,
				A8586F6826691412005D3537 /* Videos */,
			);
			path = NetflixClone;
			sourceTree = "<group>";
		};
		A87198B225DA546800ED4DD7 = {
			isa = PBXGroup;
			children = (
				A87198BD25DA546800ED4DD7 /* UI Challenge */,
				A87198BC25DA546800ED4DD7 /* Products */,
			);
			sourceTree = "<group>";
		};
		A87198BC25DA546800ED4DD7 /* Products */ = {
			isa = PBXGroup;
			children = (
				A87198BB25DA546800ED4DD7 /* UI Challenge.app */,
			);
			name = Products;
			sourceTree = "<group>";
		};
		A87198BD25DA546800ED4DD7 /* UI Challenge */ = {
			isa = PBXGroup;
			children = (
				A888E10A26C00C49005E0741 /* MilkShake */,
				A8C5A62826AC4DD600F338C3 /* E-Commerce */,
				A8656B5126A2C29000A7B57C /* Spotify */,
				A8656B4D26A2996300A7B57C /* AnimatableData */,
				A851B8B2268EFDE5003E06E9 /* InstaReels */,
				A88219EC268DFCEF00713EBE /* Airbnb */,
				A8E3DAB12688482E0083CFDA /* GoogleApp */,
				A83515F3266B897800532984 /* PrimeVideo */,
				A8586F6526690736005D3537 /* Kapuha Music */,
				A865B7D42668A33A00F39AC0 /* NetflixClone */,
				A8EF49D525F343D800532E1C /* Progress */,
				A8D9F62825E0AF6C001B81CD /* In Progress */,
				A87198CE25DA547600ED4DD7 /* ScrollView UIC */,
				A87198BE25DA546800ED4DD7 /* UI_ChallengeApp.swift */,
				A87198C025DA546800ED4DD7 /* ContentView.swift */,
				A87198C225DA546A00ED4DD7 /* Assets.xcassets */,
				A87198C725DA546A00ED4DD7 /* Info.plist */,
				A87198C425DA546A00ED4DD7 /* Preview Content */,
				A87198CF25DA558E00ED4DD7 /* UIListView.swift */,
			);
			path = "UI Challenge";
			sourceTree = "<group>";
		};
		A87198C425DA546A00ED4DD7 /* Preview Content */ = {
			isa = PBXGroup;
			children = (
				A87198C525DA546A00ED4DD7 /* Preview Assets.xcassets */,
			);
			path = "Preview Content";
			sourceTree = "<group>";
		};
		A87198CE25DA547600ED4DD7 /* ScrollView UIC */ = {
			isa = PBXGroup;
			children = (
				A87198D325DA820D00ED4DD7 /* UIScrollView.swift */,
			);
			path = "ScrollView UIC";
			sourceTree = "<group>";
		};
		A88219EC268DFCEF00713EBE /* Airbnb */ = {
			isa = PBXGroup;
			children = (
				A8D56E1126A49EC200C4E74F /* Model */,
				A88219ED268DFD0300713EBE /* View */,
			);
			path = Airbnb;
			sourceTree = "<group>";
		};
		A88219ED268DFD0300713EBE /* View */ = {
			isa = PBXGroup;
			children = (
				A88219EE268DFD1700713EBE /* ABExploreView.swift */,
				A8D56E0D26A497C300C4E74F /* ABImageView.swift */,
				A8D56E0F26A4984B00C4E74F /* ABFlexibleButtonView.swift */,
				A8D56E1426A4B55600C4E74F /* ABExploreNearView.swift */,
				A8D56E1626A4B57500C4E74F /* ABCityView.swift */,
				A8D56E1926A4B5DD00C4E74F /* ABHeadingView.swift */,
				A8D56E1B26A4B64F00C4E74F /* ABCovidView.swift */,
				A8D56E1D26A4B6B300C4E74F /* ABSearchView.swift */,
				A8D56E2126A4B99500C4E74F /* ABLiveAnyView.swift */,
				A8D56E2326A4C4F800C4E74F /* ABGreatOutView.swift */,
				A8D5D49A26A55295009744A4 /* ABDiscoverView.swift */,
				A8D5D49C26A58D69009744A4 /* ABView.swift */,
			);
			path = View;
			sourceTree = "<group>";
		};
		A888E10A26C00C49005E0741 /* MilkShake */ = {
			isa = PBXGroup;
			children = (
				A813D9FC26C0202800CCE326 /* ViewModel */,
				A888E10C26C00C59005E0741 /* Model */,
				A888E10B26C00C53005E0741 /* View */,
			);
			path = MilkShake;
			sourceTree = "<group>";
		};
		A888E10B26C00C53005E0741 /* View */ = {
			isa = PBXGroup;
			children = (
				A888E10F26C00EE4005E0741 /* MSListView.swift */,
				A888E11126C01505005E0741 /* MSToolBarView.swift */,
				A813D9FA26C0182F00CCE326 /* MSCardView.swift */,
				A813D9FF26C0282D00CCE326 /* MSBottomSheetView.swift */,
				A813DA0126C056D300CCE326 /* MSCartView.swift */,
				A877523026C1596100594C71 /* MSPromoCodeView.swift */,
				A877523226C1614200594C71 /* MSClearCartView.swift */,
			);
			path = View;
			sourceTree = "<group>";
		};
		A888E10C26C00C59005E0741 /* Model */ = {
			isa = PBXGroup;
			children = (
				A888E10D26C00C68005E0741 /* Milkshake.swift */,
			);
			path = Model;
			sourceTree = "<group>";
		};
		A8C5A62826AC4DD600F338C3 /* E-Commerce */ = {
			isa = PBXGroup;
			children = (
				A8C5A62A26AC4E0700F338C3 /* Model */,
				A8C5A62926AC4E0100F338C3 /* View */,
			);
			path = "E-Commerce";
			sourceTree = "<group>";
		};
		A8C5A62926AC4E0100F338C3 /* View */ = {
			isa = PBXGroup;
			children = (
				A8C5A62B26AC4E2200F338C3 /* ECDiscoverView.swift */,
			);
			path = View;
			sourceTree = "<group>";
		};
		A8C5A62A26AC4E0700F338C3 /* Model */ = {
			isa = PBXGroup;
			children = (
			);
			path = Model;
			sourceTree = "<group>";
		};
		A8D56E1126A49EC200C4E74F /* Model */ = {
			isa = PBXGroup;
			children = (
				A8D56E1226A49ECC00C4E74F /* City.swift */,
				A8D56E1F26A4B7A100C4E74F /* Live.swift */,
				A8D5D49826A54F72009744A4 /* Discover.swift */,
			);
			path = Model;
			sourceTree = "<group>";
		};
		A8D9F62825E0AF6C001B81CD /* In Progress */ = {
			isa = PBXGroup;
			children = (
				A8D9F62925E0AF91001B81CD /* InProgressView.swift */,
				A8D9F62D25E0C350001B81CD /* ViewModifierUtil.swift */,
			);
			path = "In Progress";
			sourceTree = "<group>";
		};
		A8E3DAB12688482E0083CFDA /* GoogleApp */ = {
			isa = PBXGroup;
			children = (
				A8E3DAB2268848460083CFDA /* View */,
			);
			path = GoogleApp;
			sourceTree = "<group>";
		};
		A8E3DAB2268848460083CFDA /* View */ = {
			isa = PBXGroup;
			children = (
				A8E3DAB32688485F0083CFDA /* GHomeView.swift */,
				A80AA80F268860050040F856 /* GWeatherView.swift */,
				A80AA811268860330040F856 /* GCardView.swift */,
			);
			path = View;
			sourceTree = "<group>";
		};
		A8EF49D525F343D800532E1C /* Progress */ = {
			isa = PBXGroup;
			children = (
				A8EF49D625F343EA00532E1C /* UICProgressView.swift */,
			);
			path = Progress;
			sourceTree = "<group>";
		};
/* End PBXGroup section */

/* Begin PBXNativeTarget section */
		A87198BA25DA546800ED4DD7 /* UI Challenge */ = {
			isa = PBXNativeTarget;
			buildConfigurationList = A87198CA25DA546A00ED4DD7 /* Build configuration list for PBXNativeTarget "UI Challenge" */;
			buildPhases = (
				A87198B725DA546800ED4DD7 /* Sources */,
				A87198B825DA546800ED4DD7 /* Frameworks */,
				A87198B925DA546800ED4DD7 /* Resources */,
			);
			buildRules = (
			);
			dependencies = (
			);
			name = "UI Challenge";
			productName = "UI Challenge";
			productReference = A87198BB25DA546800ED4DD7 /* UI Challenge.app */;
			productType = "com.apple.product-type.application";
		};
/* End PBXNativeTarget section */

/* Begin PBXProject section */
		A87198B325DA546800ED4DD7 /* Project object */ = {
			isa = PBXProject;
			attributes = {
				LastSwiftUpdateCheck = 1240;
				LastUpgradeCheck = 1240;
				TargetAttributes = {
					A87198BA25DA546800ED4DD7 = {
						CreatedOnToolsVersion = 12.4;
					};
				};
			};
			buildConfigurationList = A87198B625DA546800ED4DD7 /* Build configuration list for PBXProject "UI Challenge" */;
			compatibilityVersion = "Xcode 9.3";
			developmentRegion = en;
			hasScannedForEncodings = 0;
			knownRegions = (
				en,
				Base,
			);
			mainGroup = A87198B225DA546800ED4DD7;
			productRefGroup = A87198BC25DA546800ED4DD7 /* Products */;
			projectDirPath = "";
			projectRoot = "";
			targets = (
				A87198BA25DA546800ED4DD7 /* UI Challenge */,
			);
		};
/* End PBXProject section */

/* Begin PBXResourcesBuildPhase section */
		A87198B925DA546800ED4DD7 /* Resources */ = {
			isa = PBXResourcesBuildPhase;
			buildActionMask = 2147483647;
			files = (
				A8351609266BBBA300532984 /* dark.mp4 in Resources */,
				A87198C625DA546A00ED4DD7 /* Preview Assets.xcassets in Resources */,
				A8351605266BB89C00532984 /* breakingbad.mp4 in Resources */,
				A8586F6A26691427005D3537 /* MoneyHeist.mp4 in Resources */,
				A835160D266BBDD500532984 /* strangerthings.mp4 in Resources */,
				A851B8BB268F2EE1003E06E9 /* ig1.mp4 in Resources */,
				A87198C325DA546A00ED4DD7 /* Assets.xcassets in Resources */,
				A851B8BA268F2EE1003E06E9 /* ig3.mp4 in Resources */,
				A851B8BC268F2EE1003E06E9 /* ig2.mp4 in Resources */,
				A835160B266BBC6500532984 /* 13reasonswhy.mp4 in Resources */,
				A8351600266BACC000532984 /* friends_trailer.mp4 in Resources */,
			);
			runOnlyForDeploymentPostprocessing = 0;
		};
/* End PBXResourcesBuildPhase section */

/* Begin PBXSourcesBuildPhase section */
		A87198B725DA546800ED4DD7 /* Sources */ = {
			isa = PBXSourcesBuildPhase;
			buildActionMask = 2147483647;
			files = (
				A8D56E1026A4984B00C4E74F /* ABFlexibleButtonView.swift in Sources */,
				A8351603266BB3A400532984 /* NFViewModel.swift in Sources */,
				A813DA0226C056D300CCE326 /* MSCartView.swift in Sources */,
				A83515F8266B973900532984 /* NFTopBarView.swift in Sources */,
				A851B8BF268F3065003E06E9 /* IGReelsView.swift in Sources */,
				A8586F672669077A005D3537 /* KMOnboardingView.swift in Sources */,
				A888E11026C00EE4005E0741 /* MSListView.swift in Sources */,
				A83515F6266B89A300532984 /* PVVideoView.swift in Sources */,
				A877523326C1614200594C71 /* MSClearCartView.swift in Sources */,
				A8D56E1A26A4B5DD00C4E74F /* ABHeadingView.swift in Sources */,
				A80AA810268860050040F856 /* GWeatherView.swift in Sources */,
				A88219EF268DFD1700713EBE /* ABExploreView.swift in Sources */,
				A8D9F62A25E0AF91001B81CD /* InProgressView.swift in Sources */,
				A8E3DAB42688485F0083CFDA /* GHomeView.swift in Sources */,
				A83515F2266B73D700532984 /* Movie.swift in Sources */,
				A835160F266BBF2400532984 /* NFRectScrollView.swift in Sources */,
				A8656B5026A2997F00A7B57C /* ADView.swift in Sources */,
				A87198C125DA546800ED4DD7 /* ContentView.swift in Sources */,
				A83515FA266B9CD900532984 /* NFQuickActionView.swift in Sources */,
				A8D5D49926A54F72009744A4 /* Discover.swift in Sources */,
				A851B8B5268EFE0B003E06E9 /* IRModel.swift in Sources */,
				A83515EF266B72CA00532984 /* VideoPlayerView.swift in Sources */,
				A813DA0026C0282D00CCE326 /* MSBottomSheetView.swift in Sources */,
				A87198D425DA820D00ED4DD7 /* UIScrollView.swift in Sources */,
				A83515FC266BA5A400532984 /* NFTopHomeView.swift in Sources */,
				A8D5D49D26A58D69009744A4 /* ABView.swift in Sources */,
				A83515EC266B70BF00532984 /* VideoControllerView.swift in Sources */,
				A888E11226C01505005E0741 /* MSToolBarView.swift in Sources */,
				A8D56E1C26A4B64F00C4E74F /* ABCovidView.swift in Sources */,
				A8D56E2226A4B99500C4E74F /* ABLiveAnyView.swift in Sources */,
				A865B7D62668A35300F39AC0 /* NFHomeView.swift in Sources */,
				A877523126C1596100594C71 /* MSPromoCodeView.swift in Sources */,
				A8D56E1526A4B55600C4E74F /* ABExploreNearView.swift in Sources */,
				A888E10E26C00C68005E0741 /* Milkshake.swift in Sources */,
				A83515FE266BA9EF00532984 /* NFPreviewsView.swift in Sources */,
				A8C5A62C26AC4E2200F338C3 /* ECDiscoverView.swift in Sources */,
				A8D56E1E26A4B6B300C4E74F /* ABSearchView.swift in Sources */,
				A8D5D49B26A55295009744A4 /* ABDiscoverView.swift in Sources */,
				A8D56E1326A49ECC00C4E74F /* City.swift in Sources */,
				A8D56E2026A4B7A100C4E74F /* Live.swift in Sources */,
				A8EF49D725F343EA00532E1C /* UICProgressView.swift in Sources */,
				A8D56E1726A4B57500C4E74F /* ABCityView.swift in Sources */,
				A813D9FB26C0182F00CCE326 /* MSCardView.swift in Sources */,
				A87198BF25DA546800ED4DD7 /* UI_ChallengeApp.swift in Sources */,
				A813D9FE26C0204200CCE326 /* MSViewModel.swift in Sources */,
				A8D56E2426A4C4F800C4E74F /* ABGreatOutView.swift in Sources */,
				A851B8C2268F452B003E06E9 /* IGViewModel.swift in Sources */,
				A8D56E0E26A497C300C4E74F /* ABImageView.swift in Sources */,
				A87198D025DA558E00ED4DD7 /* UIListView.swift in Sources */,
				A80AA812268860330040F856 /* GCardView.swift in Sources */,
				A8D9F62E25E0C350001B81CD /* ViewModifierUtil.swift in Sources */,
				A8656B5426A2C2B800A7B57C /* SPlayerView.swift in Sources */,
			);
			runOnlyForDeploymentPostprocessing = 0;
		};
/* End PBXSourcesBuildPhase section */

/* Begin XCBuildConfiguration section */
		A87198C825DA546A00ED4DD7 /* Debug */ = {
			isa = XCBuildConfiguration;
			buildSettings = {
				ALWAYS_SEARCH_USER_PATHS = NO;
				CLANG_ANALYZER_NONNULL = YES;
				CLANG_ANALYZER_NUMBER_OBJECT_CONVERSION = YES_AGGRESSIVE;
				CLANG_CXX_LANGUAGE_STANDARD = "gnu++14";
				CLANG_CXX_LIBRARY = "libc++";
				CLANG_ENABLE_MODULES = YES;
				CLANG_ENABLE_OBJC_ARC = YES;
				CLANG_ENABLE_OBJC_WEAK = YES;
				CLANG_WARN_BLOCK_CAPTURE_AUTORELEASING = YES;
				CLANG_WARN_BOOL_CONVERSION = YES;
				CLANG_WARN_COMMA = YES;
				CLANG_WARN_CONSTANT_CONVERSION = YES;
				CLANG_WARN_DEPRECATED_OBJC_IMPLEMENTATIONS = YES;
				CLANG_WARN_DIRECT_OBJC_ISA_USAGE = YES_ERROR;
				CLANG_WARN_DOCUMENTATION_COMMENTS = YES;
				CLANG_WARN_EMPTY_BODY = YES;
				CLANG_WARN_ENUM_CONVERSION = YES;
				CLANG_WARN_INFINITE_RECURSION = YES;
				CLANG_WARN_INT_CONVERSION = YES;
				CLANG_WARN_NON_LITERAL_NULL_CONVERSION = YES;
				CLANG_WARN_OBJC_IMPLICIT_RETAIN_SELF = YES;
				CLANG_WARN_OBJC_LITERAL_CONVERSION = YES;
				CLANG_WARN_OBJC_ROOT_CLASS = YES_ERROR;
				CLANG_WARN_QUOTED_INCLUDE_IN_FRAMEWORK_HEADER = YES;
				CLANG_WARN_RANGE_LOOP_ANALYSIS = YES;
				CLANG_WARN_STRICT_PROTOTYPES = YES;
				CLANG_WARN_SUSPICIOUS_MOVE = YES;
				CLANG_WARN_UNGUARDED_AVAILABILITY = YES_AGGRESSIVE;
				CLANG_WARN_UNREACHABLE_CODE = YES;
				CLANG_WARN__DUPLICATE_METHOD_MATCH = YES;
				COPY_PHASE_STRIP = NO;
				DEBUG_INFORMATION_FORMAT = dwarf;
				ENABLE_STRICT_OBJC_MSGSEND = YES;
				ENABLE_TESTABILITY = YES;
				GCC_C_LANGUAGE_STANDARD = gnu11;
				GCC_DYNAMIC_NO_PIC = NO;
				GCC_NO_COMMON_BLOCKS = YES;
				GCC_OPTIMIZATION_LEVEL = 0;
				GCC_PREPROCESSOR_DEFINITIONS = (
					"DEBUG=1",
					"$(inherited)",
				);
				GCC_WARN_64_TO_32_BIT_CONVERSION = YES;
				GCC_WARN_ABOUT_RETURN_TYPE = YES_ERROR;
				GCC_WARN_UNDECLARED_SELECTOR = YES;
				GCC_WARN_UNINITIALIZED_AUTOS = YES_AGGRESSIVE;
				GCC_WARN_UNUSED_FUNCTION = YES;
				GCC_WARN_UNUSED_VARIABLE = YES;
				IPHONEOS_DEPLOYMENT_TARGET = 14.4;
				MTL_ENABLE_DEBUG_INFO = INCLUDE_SOURCE;
				MTL_FAST_MATH = YES;
				ONLY_ACTIVE_ARCH = YES;
				SDKROOT = iphoneos;
				SWIFT_ACTIVE_COMPILATION_CONDITIONS = DEBUG;
				SWIFT_OPTIMIZATION_LEVEL = "-Onone";
			};
			name = Debug;
		};
		A87198C925DA546A00ED4DD7 /* Release */ = {
			isa = XCBuildConfiguration;
			buildSettings = {
				ALWAYS_SEARCH_USER_PATHS = NO;
				CLANG_ANALYZER_NONNULL = YES;
				CLANG_ANALYZER_NUMBER_OBJECT_CONVERSION = YES_AGGRESSIVE;
				CLANG_CXX_LANGUAGE_STANDARD = "gnu++14";
				CLANG_CXX_LIBRARY = "libc++";
				CLANG_ENABLE_MODULES = YES;
				CLANG_ENABLE_OBJC_ARC = YES;
				CLANG_ENABLE_OBJC_WEAK = YES;
				CLANG_WARN_BLOCK_CAPTURE_AUTORELEASING = YES;
				CLANG_WARN_BOOL_CONVERSION = YES;
				CLANG_WARN_COMMA = YES;
				CLANG_WARN_CONSTANT_CONVERSION = YES;
				CLANG_WARN_DEPRECATED_OBJC_IMPLEMENTATIONS = YES;
				CLANG_WARN_DIRECT_OBJC_ISA_USAGE = YES_ERROR;
				CLANG_WARN_DOCUMENTATION_COMMENTS = YES;
				CLANG_WARN_EMPTY_BODY = YES;
				CLANG_WARN_ENUM_CONVERSION = YES;
				CLANG_WARN_INFINITE_RECURSION = YES;
				CLANG_WARN_INT_CONVERSION = YES;
				CLANG_WARN_NON_LITERAL_NULL_CONVERSION = YES;
				CLANG_WARN_OBJC_IMPLICIT_RETAIN_SELF = YES;
				CLANG_WARN_OBJC_LITERAL_CONVERSION = YES;
				CLANG_WARN_OBJC_ROOT_CLASS = YES_ERROR;
				CLANG_WARN_QUOTED_INCLUDE_IN_FRAMEWORK_HEADER = YES;
				CLANG_WARN_RANGE_LOOP_ANALYSIS = YES;
				CLANG_WARN_STRICT_PROTOTYPES = YES;
				CLANG_WARN_SUSPICIOUS_MOVE = YES;
				CLANG_WARN_UNGUARDED_AVAILABILITY = YES_AGGRESSIVE;
				CLANG_WARN_UNREACHABLE_CODE = YES;
				CLANG_WARN__DUPLICATE_METHOD_MATCH = YES;
				COPY_PHASE_STRIP = NO;
				DEBUG_INFORMATION_FORMAT = "dwarf-with-dsym";
				ENABLE_NS_ASSERTIONS = NO;
				ENABLE_STRICT_OBJC_MSGSEND = YES;
				GCC_C_LANGUAGE_STANDARD = gnu11;
				GCC_NO_COMMON_BLOCKS = YES;
				GCC_WARN_64_TO_32_BIT_CONVERSION = YES;
				GCC_WARN_ABOUT_RETURN_TYPE = YES_ERROR;
				GCC_WARN_UNDECLARED_SELECTOR = YES;
				GCC_WARN_UNINITIALIZED_AUTOS = YES_AGGRESSIVE;
				GCC_WARN_UNUSED_FUNCTION = YES;
				GCC_WARN_UNUSED_VARIABLE = YES;
				IPHONEOS_DEPLOYMENT_TARGET = 14.4;
				MTL_ENABLE_DEBUG_INFO = NO;
				MTL_FAST_MATH = YES;
				SDKROOT = iphoneos;
				SWIFT_COMPILATION_MODE = wholemodule;
				SWIFT_OPTIMIZATION_LEVEL = "-O";
				VALIDATE_PRODUCT = YES;
			};
			name = Release;
		};
		A87198CB25DA546A00ED4DD7 /* Debug */ = {
			isa = XCBuildConfiguration;
			buildSettings = {
				ASSETCATALOG_COMPILER_APPICON_NAME = AppIcon;
				ASSETCATALOG_COMPILER_GLOBAL_ACCENT_COLOR_NAME = AccentColor;
				CODE_SIGN_STYLE = Automatic;
				DEVELOPMENT_ASSET_PATHS = "\"UI Challenge/Preview Content\"";
				DEVELOPMENT_TEAM = F999UX5B85;
				ENABLE_PREVIEWS = YES;
				INFOPLIST_FILE = "UI Challenge/Info.plist";
				IPHONEOS_DEPLOYMENT_TARGET = 14.0;
				LD_RUNPATH_SEARCH_PATHS = (
					"$(inherited)",
					"@executable_path/Frameworks",
				);
				PRODUCT_BUNDLE_IDENTIFIER = "com.jeevatamil.UI-Challenge";
				PRODUCT_NAME = "$(TARGET_NAME)";
				SWIFT_VERSION = 5.0;
				TARGETED_DEVICE_FAMILY = "1,2";
			};
			name = Debug;
		};
		A87198CC25DA546A00ED4DD7 /* Release */ = {
			isa = XCBuildConfiguration;
			buildSettings = {
				ASSETCATALOG_COMPILER_APPICON_NAME = AppIcon;
				ASSETCATALOG_COMPILER_GLOBAL_ACCENT_COLOR_NAME = AccentColor;
				CODE_SIGN_STYLE = Automatic;
				DEVELOPMENT_ASSET_PATHS = "\"UI Challenge/Preview Content\"";
				DEVELOPMENT_TEAM = F999UX5B85;
				ENABLE_PREVIEWS = YES;
				INFOPLIST_FILE = "UI Challenge/Info.plist";
				IPHONEOS_DEPLOYMENT_TARGET = 14.0;
				LD_RUNPATH_SEARCH_PATHS = (
					"$(inherited)",
					"@executable_path/Frameworks",
				);
				PRODUCT_BUNDLE_IDENTIFIER = "com.jeevatamil.UI-Challenge";
				PRODUCT_NAME = "$(TARGET_NAME)";
				SWIFT_VERSION = 5.0;
				TARGETED_DEVICE_FAMILY = "1,2";
			};
			name = Release;
		};
/* End XCBuildConfiguration section */

/* Begin XCConfigurationList section */
		A87198B625DA546800ED4DD7 /* Build configuration list for PBXProject "UI Challenge" */ = {
			isa = XCConfigurationList;
			buildConfigurations = (
				A87198C825DA546A00ED4DD7 /* Debug */,
				A87198C925DA546A00ED4DD7 /* Release */,
			);
			defaultConfigurationIsVisible = 0;
			defaultConfigurationName = Release;
		};
		A87198CA25DA546A00ED4DD7 /* Build configuration list for PBXNativeTarget "UI Challenge" */ = {
			isa = XCConfigurationList;
			buildConfigurations = (
				A87198CB25DA546A00ED4DD7 /* Debug */,
				A87198CC25DA546A00ED4DD7 /* Release */,
			);
			defaultConfigurationIsVisible = 0;
			defaultConfigurationName = Release;
		};
/* End XCConfigurationList section */
	};
	rootObject = A87198B325DA546800ED4DD7 /* Project object */;
}
